
Microsoft Visual Studio Solution File, Format Version 12.00
# Visual Studio Version 16
VisualStudioVersion = 16.0.30413.136
MinimumVisualStudioVersion = 10.0.40219.1
Project("{888888A0-9F3D-457C-B088-3A5042F75D52}") = "grupp1 urok 1", "grupp1 urok 1.pyproj", "{81E53800-1CDF-4E12-94CD-835CDFE04319}"
EndProject
Global
	GlobalSection(SolutionConfigurationPlatforms) = preSolution
		Debug|Any CPU = Debug|Any CPU
		Release|Any CPU = Release|Any CPU
	EndGlobalSection
	GlobalSection(ProjectConfigurationPlatforms) = postSolution
		{81E53800-1CDF-4E12-94CD-835CDFE04319}.Debug|Any CPU.ActiveCfg = Debug|Any CPU
		{81E53800-1CDF-4E12-94CD-835CDFE04319}.Release|Any CPU.ActiveCfg = Release|Any CPU
	EndGlobalSection
	GlobalSection(SolutionProperties) = preSolution
		HideSolutionNode = FALSE
	EndGlobalSection
	GlobalSection(ExtensibilityGlobals) = postSolution
		SolutionGuid = {E09D79E8-38F1-41AE-B505-42E1FB592FF4}
	EndGlobalSection
EndGlobal
